
Microsoft Visual Studio Solution File, Format Version 12.00
# Visual Studio 2012
Project("{CC5FD16D-436D-48AD-A40C-5A424C6E3E79}") = "Meetup.Analytics", "Meetup.Analytics\Meetup.Analytics.ccproj", "{EA94DE38-7435-41DD-BD69-D8BC32867D76}"
EndProject
Project("{FAE04EC0-301F-11D3-BF4B-00C04F79EFBC}") = "DataCollectionWorker", "DataCollectionWorker\DataCollectionWorker.csproj", "{D4DB2E25-33EA-4593-9CA9-02BD2E4AFDC8}"
EndProject
Project("{FAE04EC0-301F-11D3-BF4B-00C04F79EFBC}") = "Meetup.Analytics.Services", "Meetup.Analytics.Services\Meetup.Analytics.Services.csproj", "{32BAE430-7E46-478C-8E7A-3AB1A0771A16}"
EndProject
Project("{2150E333-8FDC-42A3-9474-1A3956D46DE8}") = "Services", "Services", "{C10A9EC0-FDFC-4AE7-AA64-3D50CD067BEE}"
EndProject
Project("{2150E333-8FDC-42A3-9474-1A3956D46DE8}") = "Workers", "Workers", "{3A82C70E-E00D-460C-8866-356701EC8547}"
EndProject
Project("{FAE04EC0-301F-11D3-BF4B-00C04F79EFBC}") = "MeetupApiShell", "MeetupApiShell\MeetupApiShell.csproj", "{FFFE7264-6CE9-4063-88A9-65CAB5FB341F}"
EndProject
Project("{2150E333-8FDC-42A3-9474-1A3956D46DE8}") = "Shell", "Shell", "{0CE5434E-219B-4D2D-9D0A-D9F8CE42712D}"
EndProject
Project("{FAE04EC0-301F-11D3-BF4B-00C04F79EFBC}") = "MeetupPollingWorker", "MeetupPollingWorker\MeetupPollingWorker.csproj", "{C56A7928-BBEF-4FAF-B3BB-752C0A3B3743}"
EndProject
Project("{2150E333-8FDC-42A3-9474-1A3956D46DE8}") = ".nuget", ".nuget", "{05CC3350-6B31-4CD6-A142-57990EE597C2}"
	ProjectSection(SolutionItems) = preProject
		.nuget\NuGet.Config = .nuget\NuGet.Config
		.nuget\NuGet.exe = .nuget\NuGet.exe
		.nuget\NuGet.targets = .nuget\NuGet.targets
	EndProjectSection
EndProject
Project("{FAE04EC0-301F-11D3-BF4B-00C04F79EFBC}") = "Meetup.Analytics.Web", "Meetup.Analytics.Web\Meetup.Analytics.Web.csproj", "{9494A88B-5DDC-4B86-9B19-68D0A18EDFC7}"
EndProject
Global
	GlobalSection(SolutionConfigurationPlatforms) = preSolution
		Debug|Any CPU = Debug|Any CPU
		Release|Any CPU = Release|Any CPU
	EndGlobalSection
	GlobalSection(ProjectConfigurationPlatforms) = postSolution
		{EA94DE38-7435-41DD-BD69-D8BC32867D76}.Debug|Any CPU.ActiveCfg = Debug|Any CPU
		{EA94DE38-7435-41DD-BD69-D8BC32867D76}.Debug|Any CPU.Build.0 = Debug|Any CPU
		{EA94DE38-7435-41DD-BD69-D8BC32867D76}.Release|Any CPU.ActiveCfg = Release|Any CPU
		{EA94DE38-7435-41DD-BD69-D8BC32867D76}.Release|Any CPU.Build.0 = Release|Any CPU
		{D4DB2E25-33EA-4593-9CA9-02BD2E4AFDC8}.Debug|Any CPU.ActiveCfg = Debug|Any CPU
		{D4DB2E25-33EA-4593-9CA9-02BD2E4AFDC8}.Debug|Any CPU.Build.0 = Debug|Any CPU
		{D4DB2E25-33EA-4593-9CA9-02BD2E4AFDC8}.Release|Any CPU.ActiveCfg = Release|Any CPU
		{D4DB2E25-33EA-4593-9CA9-02BD2E4AFDC8}.Release|Any CPU.Build.0 = Release|Any CPU
		{32BAE430-7E46-478C-8E7A-3AB1A0771A16}.Debug|Any CPU.ActiveCfg = Debug|Any CPU
		{32BAE430-7E46-478C-8E7A-3AB1A0771A16}.Debug|Any CPU.Build.0 = Debug|Any CPU
		{32BAE430-7E46-478C-8E7A-3AB1A0771A16}.Release|Any CPU.ActiveCfg = Release|Any CPU
		{32BAE430-7E46-478C-8E7A-3AB1A0771A16}.Release|Any CPU.Build.0 = Release|Any CPU
		{FFFE7264-6CE9-4063-88A9-65CAB5FB341F}.Debug|Any CPU.ActiveCfg = Debug|Any CPU
		{FFFE7264-6CE9-4063-88A9-65CAB5FB341F}.Debug|Any CPU.Build.0 = Debug|Any CPU
		{FFFE7264-6CE9-4063-88A9-65CAB5FB341F}.Release|Any CPU.ActiveCfg = Release|Any CPU
		{FFFE7264-6CE9-4063-88A9-65CAB5FB341F}.Release|Any CPU.Build.0 = Release|Any CPU
		{C56A7928-BBEF-4FAF-B3BB-752C0A3B3743}.Debug|Any CPU.ActiveCfg = Debug|Any CPU
		{C56A7928-BBEF-4FAF-B3BB-752C0A3B3743}.Debug|Any CPU.Build.0 = Debug|Any CPU
		{C56A7928-BBEF-4FAF-B3BB-752C0A3B3743}.Release|Any CPU.ActiveCfg = Release|Any CPU
		{C56A7928-BBEF-4FAF-B3BB-752C0A3B3743}.Release|Any CPU.Build.0 = Release|Any CPU
		{9494A88B-5DDC-4B86-9B19-68D0A18EDFC7}.Debug|Any CPU.ActiveCfg = Debug|Any CPU
		{9494A88B-5DDC-4B86-9B19-68D0A18EDFC7}.Debug|Any CPU.Build.0 = Debug|Any CPU
		{9494A88B-5DDC-4B86-9B19-68D0A18EDFC7}.Release|Any CPU.ActiveCfg = Release|Any CPU
		{9494A88B-5DDC-4B86-9B19-68D0A18EDFC7}.Release|Any CPU.Build.0 = Release|Any CPU
	EndGlobalSection
	GlobalSection(SolutionProperties) = preSolution
		HideSolutionNode = FALSE
	EndGlobalSection
	GlobalSection(NestedProjects) = preSolution
		{D4DB2E25-33EA-4593-9CA9-02BD2E4AFDC8} = {3A82C70E-E00D-460C-8866-356701EC8547}
		{C56A7928-BBEF-4FAF-B3BB-752C0A3B3743} = {3A82C70E-E00D-460C-8866-356701EC8547}
		{32BAE430-7E46-478C-8E7A-3AB1A0771A16} = {C10A9EC0-FDFC-4AE7-AA64-3D50CD067BEE}
		{FFFE7264-6CE9-4063-88A9-65CAB5FB341F} = {0CE5434E-219B-4D2D-9D0A-D9F8CE42712D}
	EndGlobalSection
EndGlobal
