
Microsoft Visual Studio Solution File, Format Version 12.00
# Visual Studio 2012
Project("{CC5FD16D-436D-48AD-A40C-5A424C6E3E79}") = "Meetup.Analytics", "Meetup.Analytics\Meetup.Analytics.ccproj", "{EA94DE38-7435-41DD-BD69-D8BC32867D76}"
EndProject
Global
	GlobalSection(SolutionConfigurationPlatforms) = preSolution
		Debug|Any CPU = Debug|Any CPU
		Release|Any CPU = Release|Any CPU
	EndGlobalSection
	GlobalSection(ProjectConfigurationPlatforms) = postSolution
		{EA94DE38-7435-41DD-BD69-D8BC32867D76}.Debug|Any CPU.ActiveCfg = Debug|Any CPU
		{EA94DE38-7435-41DD-BD69-D8BC32867D76}.Debug|Any CPU.Build.0 = Debug|Any CPU
		{EA94DE38-7435-41DD-BD69-D8BC32867D76}.Release|Any CPU.ActiveCfg = Release|Any CPU
		{EA94DE38-7435-41DD-BD69-D8BC32867D76}.Release|Any CPU.Build.0 = Release|Any CPU
	EndGlobalSection
	GlobalSection(SolutionProperties) = preSolution
		HideSolutionNode = FALSE
	EndGlobalSection
EndGlobal
